
Microsoft Visual Studio Solution File, Format Version 12.00
# Visual Studio Version 17
VisualStudioVersion = 17.0.31903.59
MinimumVisualStudioVersion = 10.0.40219.1
Project("{2150E333-8FDC-42A3-9474-1A3956D46DE8}") = "src", "src", "{827E0CD3-B72D-47B6-A68D-7590B98EB39B}"
EndProject
Project("{FAE04EC0-301F-11D3-BF4B-00C04F79EFBC}") = "Walleto.API", "src\Walleto.API\Walleto.API.csproj", "{CF44D416-FAC9-4572-BAB6-E335F8BCCF0D}"
EndProject
Project("{FAE04EC0-301F-11D3-BF4B-00C04F79EFBC}") = "Walleto.Application", "src\Walleto.Application\Walleto.Application.csproj", "{95C96AF2-DB1B-4ADF-9154-04D194AFD2EB}"
EndProject
Project("{FAE04EC0-301F-11D3-BF4B-00C04F79EFBC}") = "Walleto.Domain", "src\Walleto.Domain\Walleto.Domain.csproj", "{69CEC762-4A3F-4280-BB66-6C9B8992B21A}"
EndProject
Project("{FAE04EC0-301F-11D3-BF4B-00C04F79EFBC}") = "Walleto.Domain.Abstractions", "src\Walleto.Domain.Abstractions\Walleto.Domain.Abstractions.csproj", "{7E596A5F-6330-4A51-B945-66D107999BF7}"
EndProject
Project("{FAE04EC0-301F-11D3-BF4B-00C04F79EFBC}") = "Walleto.Infrastructure", "src\Walleto.Infrastructure\Walleto.Infrastructure.csproj", "{D4A0BE3A-5F64-43AF-AA68-66562B84DA7A}"
EndProject
Project("{FAE04EC0-301F-11D3-BF4B-00C04F79EFBC}") = "Walleto.Shared", "src\Walleto.Shared\Walleto.Shared.csproj", "{81AA8A30-5444-469E-A506-E81A008C5CF6}"
EndProject
Project("{2150E333-8FDC-42A3-9474-1A3956D46DE8}") = "tests", "tests", "{0AB3BF05-4346-4AA6-1389-037BE0695223}"
EndProject
Project("{FAE04EC0-301F-11D3-BF4B-00C04F79EFBC}") = "Walleto.API.Tests", "tests\Walleto.API.Tests\Walleto.API.Tests.csproj", "{2B83B297-AE19-4C64-A61A-B709BA1F5993}"
EndProject
Project("{FAE04EC0-301F-11D3-BF4B-00C04F79EFBC}") = "Walleto.Application.Tests", "tests\Walleto.Application.Tests\Walleto.Application.Tests.csproj", "{0628E6D8-EC8E-4C99-9A05-D109AB110E65}"
EndProject
Project("{FAE04EC0-301F-11D3-BF4B-00C04F79EFBC}") = "Walleto.Domain.Tests", "tests\Walleto.Domain.Tests\Walleto.Domain.Tests.csproj", "{5E7D6538-BF83-426B-860D-94E836570124}"
EndProject
Project("{FAE04EC0-301F-11D3-BF4B-00C04F79EFBC}") = "Walleto.Infrastructure.Tests", "tests\Walleto.Infrastructure.Tests\Walleto.Infrastructure.Tests.csproj", "{EB656C9D-C8FB-469E-AF56-14AEC90AB434}"
EndProject
Project("{FAE04EC0-301F-11D3-BF4B-00C04F79EFBC}") = "Walleto.Integration.Tests", "tests\Walleto.Integration.Tests\Walleto.Integration.Tests.csproj", "{47D5BFD6-FE5F-47B0-8719-C8BFF7A11EDA}"
EndProject
Global
	GlobalSection(SolutionConfigurationPlatforms) = preSolution
		Debug|Any CPU = Debug|Any CPU
		Debug|x64 = Debug|x64
		Debug|x86 = Debug|x86
		Release|Any CPU = Release|Any CPU
		Release|x64 = Release|x64
		Release|x86 = Release|x86
	EndGlobalSection
	GlobalSection(ProjectConfigurationPlatforms) = postSolution
		{CF44D416-FAC9-4572-BAB6-E335F8BCCF0D}.Debug|Any CPU.ActiveCfg = Debug|Any CPU
		{CF44D416-FAC9-4572-BAB6-E335F8BCCF0D}.Debug|Any CPU.Build.0 = Debug|Any CPU
		{CF44D416-FAC9-4572-BAB6-E335F8BCCF0D}.Debug|x64.ActiveCfg = Debug|Any CPU
		{CF44D416-FAC9-4572-BAB6-E335F8BCCF0D}.Debug|x64.Build.0 = Debug|Any CPU
		{CF44D416-FAC9-4572-BAB6-E335F8BCCF0D}.Debug|x86.ActiveCfg = Debug|Any CPU
		{CF44D416-FAC9-4572-BAB6-E335F8BCCF0D}.Debug|x86.Build.0 = Debug|Any CPU
		{CF44D416-FAC9-4572-BAB6-E335F8BCCF0D}.Release|Any CPU.ActiveCfg = Release|Any CPU
		{CF44D416-FAC9-4572-BAB6-E335F8BCCF0D}.Release|Any CPU.Build.0 = Release|Any CPU
		{CF44D416-FAC9-4572-BAB6-E335F8BCCF0D}.Release|x64.ActiveCfg = Release|Any CPU
		{CF44D416-FAC9-4572-BAB6-E335F8BCCF0D}.Release|x64.Build.0 = Release|Any CPU
		{CF44D416-FAC9-4572-BAB6-E335F8BCCF0D}.Release|x86.ActiveCfg = Release|Any CPU
		{CF44D416-FAC9-4572-BAB6-E335F8BCCF0D}.Release|x86.Build.0 = Release|Any CPU
		{95C96AF2-DB1B-4ADF-9154-04D194AFD2EB}.Debug|Any CPU.ActiveCfg = Debug|Any CPU
		{95C96AF2-DB1B-4ADF-9154-04D194AFD2EB}.Debug|Any CPU.Build.0 = Debug|Any CPU
		{95C96AF2-DB1B-4ADF-9154-04D194AFD2EB}.Debug|x64.ActiveCfg = Debug|Any CPU
		{95C96AF2-DB1B-4ADF-9154-04D194AFD2EB}.Debug|x64.Build.0 = Debug|Any CPU
		{95C96AF2-DB1B-4ADF-9154-04D194AFD2EB}.Debug|x86.ActiveCfg = Debug|Any CPU
		{95C96AF2-DB1B-4ADF-9154-04D194AFD2EB}.Debug|x86.Build.0 = Debug|Any CPU
		{95C96AF2-DB1B-4ADF-9154-04D194AFD2EB}.Release|Any CPU.ActiveCfg = Release|Any CPU
		{95C96AF2-DB1B-4ADF-9154-04D194AFD2EB}.Release|Any CPU.Build.0 = Release|Any CPU
		{95C96AF2-DB1B-4ADF-9154-04D194AFD2EB}.Release|x64.ActiveCfg = Release|Any CPU
		{95C96AF2-DB1B-4ADF-9154-04D194AFD2EB}.Release|x64.Build.0 = Release|Any CPU
		{95C96AF2-DB1B-4ADF-9154-04D194AFD2EB}.Release|x86.ActiveCfg = Release|Any CPU
		{95C96AF2-DB1B-4ADF-9154-04D194AFD2EB}.Release|x86.Build.0 = Release|Any CPU
		{69CEC762-4A3F-4280-BB66-6C9B8992B21A}.Debug|Any CPU.ActiveCfg = Debug|Any CPU
		{69CEC762-4A3F-4280-BB66-6C9B8992B21A}.Debug|Any CPU.Build.0 = Debug|Any CPU
		{69CEC762-4A3F-4280-BB66-6C9B8992B21A}.Debug|x64.ActiveCfg = Debug|Any CPU
		{69CEC762-4A3F-4280-BB66-6C9B8992B21A}.Debug|x64.Build.0 = Debug|Any CPU
		{69CEC762-4A3F-4280-BB66-6C9B8992B21A}.Debug|x86.ActiveCfg = Debug|Any CPU
		{69CEC762-4A3F-4280-BB66-6C9B8992B21A}.Debug|x86.Build.0 = Debug|Any CPU
		{69CEC762-4A3F-4280-BB66-6C9B8992B21A}.Release|Any CPU.ActiveCfg = Release|Any CPU
		{69CEC762-4A3F-4280-BB66-6C9B8992B21A}.Release|Any CPU.Build.0 = Release|Any CPU
		{69CEC762-4A3F-4280-BB66-6C9B8992B21A}.Release|x64.ActiveCfg = Release|Any CPU
		{69CEC762-4A3F-4280-BB66-6C9B8992B21A}.Release|x64.Build.0 = Release|Any CPU
		{69CEC762-4A3F-4280-BB66-6C9B8992B21A}.Release|x86.ActiveCfg = Release|Any CPU
		{69CEC762-4A3F-4280-BB66-6C9B8992B21A}.Release|x86.Build.0 = Release|Any CPU
		{7E596A5F-6330-4A51-B945-66D107999BF7}.Debug|Any CPU.ActiveCfg = Debug|Any CPU
		{7E596A5F-6330-4A51-B945-66D107999BF7}.Debug|Any CPU.Build.0 = Debug|Any CPU
		{7E596A5F-6330-4A51-B945-66D107999BF7}.Debug|x64.ActiveCfg = Debug|Any CPU
		{7E596A5F-6330-4A51-B945-66D107999BF7}.Debug|x64.Build.0 = Debug|Any CPU
		{7E596A5F-6330-4A51-B945-66D107999BF7}.Debug|x86.ActiveCfg = Debug|Any CPU
		{7E596A5F-6330-4A51-B945-66D107999BF7}.Debug|x86.Build.0 = Debug|Any CPU
		{7E596A5F-6330-4A51-B945-66D107999BF7}.Release|Any CPU.ActiveCfg = Release|Any CPU
		{7E596A5F-6330-4A51-B945-66D107999BF7}.Release|Any CPU.Build.0 = Release|Any CPU
		{7E596A5F-6330-4A51-B945-66D107999BF7}.Release|x64.ActiveCfg = Release|Any CPU
		{7E596A5F-6330-4A51-B945-66D107999BF7}.Release|x64.Build.0 = Release|Any CPU
		{7E596A5F-6330-4A51-B945-66D107999BF7}.Release|x86.ActiveCfg = Release|Any CPU
		{7E596A5F-6330-4A51-B945-66D107999BF7}.Release|x86.Build.0 = Release|Any CPU
		{D4A0BE3A-5F64-43AF-AA68-66562B84DA7A}.Debug|Any CPU.ActiveCfg = Debug|Any CPU
		{D4A0BE3A-5F64-43AF-AA68-66562B84DA7A}.Debug|Any CPU.Build.0 = Debug|Any CPU
		{D4A0BE3A-5F64-43AF-AA68-66562B84DA7A}.Debug|x64.ActiveCfg = Debug|Any CPU
		{D4A0BE3A-5F64-43AF-AA68-66562B84DA7A}.Debug|x64.Build.0 = Debug|Any CPU
		{D4A0BE3A-5F64-43AF-AA68-66562B84DA7A}.Debug|x86.ActiveCfg = Debug|Any CPU
		{D4A0BE3A-5F64-43AF-AA68-66562B84DA7A}.Debug|x86.Build.0 = Debug|Any CPU
		{D4A0BE3A-5F64-43AF-AA68-66562B84DA7A}.Release|Any CPU.ActiveCfg = Release|Any CPU
		{D4A0BE3A-5F64-43AF-AA68-66562B84DA7A}.Release|Any CPU.Build.0 = Release|Any CPU
		{D4A0BE3A-5F64-43AF-AA68-66562B84DA7A}.Release|x64.ActiveCfg = Release|Any CPU
		{D4A0BE3A-5F64-43AF-AA68-66562B84DA7A}.Release|x64.Build.0 = Release|Any CPU
		{D4A0BE3A-5F64-43AF-AA68-66562B84DA7A}.Release|x86.ActiveCfg = Release|Any CPU
		{D4A0BE3A-5F64-43AF-AA68-66562B84DA7A}.Release|x86.Build.0 = Release|Any CPU
		{81AA8A30-5444-469E-A506-E81A008C5CF6}.Debug|Any CPU.ActiveCfg = Debug|Any CPU
		{81AA8A30-5444-469E-A506-E81A008C5CF6}.Debug|Any CPU.Build.0 = Debug|Any CPU
		{81AA8A30-5444-469E-A506-E81A008C5CF6}.Debug|x64.ActiveCfg = Debug|Any CPU
		{81AA8A30-5444-469E-A506-E81A008C5CF6}.Debug|x64.Build.0 = Debug|Any CPU
		{81AA8A30-5444-469E-A506-E81A008C5CF6}.Debug|x86.ActiveCfg = Debug|Any CPU
		{81AA8A30-5444-469E-A506-E81A008C5CF6}.Debug|x86.Build.0 = Debug|Any CPU
		{81AA8A30-5444-469E-A506-E81A008C5CF6}.Release|Any CPU.ActiveCfg = Release|Any CPU
		{81AA8A30-5444-469E-A506-E81A008C5CF6}.Release|Any CPU.Build.0 = Release|Any CPU
		{81AA8A30-5444-469E-A506-E81A008C5CF6}.Release|x64.ActiveCfg = Release|Any CPU
		{81AA8A30-5444-469E-A506-E81A008C5CF6}.Release|x64.Build.0 = Release|Any CPU
		{81AA8A30-5444-469E-A506-E81A008C5CF6}.Release|x86.ActiveCfg = Release|Any CPU
		{81AA8A30-5444-469E-A506-E81A008C5CF6}.Release|x86.Build.0 = Release|Any CPU
		{2B83B297-AE19-4C64-A61A-B709BA1F5993}.Debug|Any CPU.ActiveCfg = Debug|Any CPU
		{2B83B297-AE19-4C64-A61A-B709BA1F5993}.Debug|Any CPU.Build.0 = Debug|Any CPU
		{2B83B297-AE19-4C64-A61A-B709BA1F5993}.Debug|x64.ActiveCfg = Debug|Any CPU
		{2B83B297-AE19-4C64-A61A-B709BA1F5993}.Debug|x64.Build.0 = Debug|Any CPU
		{2B83B297-AE19-4C64-A61A-B709BA1F5993}.Debug|x86.ActiveCfg = Debug|Any CPU
		{2B83B297-AE19-4C64-A61A-B709BA1F5993}.Debug|x86.Build.0 = Debug|Any CPU
		{2B83B297-AE19-4C64-A61A-B709BA1F5993}.Release|Any CPU.ActiveCfg = Release|Any CPU
		{2B83B297-AE19-4C64-A61A-B709BA1F5993}.Release|Any CPU.Build.0 = Release|Any CPU
		{2B83B297-AE19-4C64-A61A-B709BA1F5993}.Release|x64.ActiveCfg = Release|Any CPU
		{2B83B297-AE19-4C64-A61A-B709BA1F5993}.Release|x64.Build.0 = Release|Any CPU
		{2B83B297-AE19-4C64-A61A-B709BA1F5993}.Release|x86.ActiveCfg = Release|Any CPU
		{2B83B297-AE19-4C64-A61A-B709BA1F5993}.Release|x86.Build.0 = Release|Any CPU
		{0628E6D8-EC8E-4C99-9A05-D109AB110E65}.Debug|Any CPU.ActiveCfg = Debug|Any CPU
		{0628E6D8-EC8E-4C99-9A05-D109AB110E65}.Debug|Any CPU.Build.0 = Debug|Any CPU
		{0628E6D8-EC8E-4C99-9A05-D109AB110E65}.Debug|x64.ActiveCfg = Debug|Any CPU
		{0628E6D8-EC8E-4C99-9A05-D109AB110E65}.Debug|x64.Build.0 = Debug|Any CPU
		{0628E6D8-EC8E-4C99-9A05-D109AB110E65}.Debug|x86.ActiveCfg = Debug|Any CPU
		{0628E6D8-EC8E-4C99-9A05-D109AB110E65}.Debug|x86.Build.0 = Debug|Any CPU
		{0628E6D8-EC8E-4C99-9A05-D109AB110E65}.Release|Any CPU.ActiveCfg = Release|Any CPU
		{0628E6D8-EC8E-4C99-9A05-D109AB110E65}.Release|Any CPU.Build.0 = Release|Any CPU
		{0628E6D8-EC8E-4C99-9A05-D109AB110E65}.Release|x64.ActiveCfg = Release|Any CPU
		{0628E6D8-EC8E-4C99-9A05-D109AB110E65}.Release|x64.Build.0 = Release|Any CPU
		{0628E6D8-EC8E-4C99-9A05-D109AB110E65}.Release|x86.ActiveCfg = Release|Any CPU
		{0628E6D8-EC8E-4C99-9A05-D109AB110E65}.Release|x86.Build.0 = Release|Any CPU
		{5E7D6538-BF83-426B-860D-94E836570124}.Debug|Any CPU.ActiveCfg = Debug|Any CPU
		{5E7D6538-BF83-426B-860D-94E836570124}.Debug|Any CPU.Build.0 = Debug|Any CPU
		{5E7D6538-BF83-426B-860D-94E836570124}.Debug|x64.ActiveCfg = Debug|Any CPU
		{5E7D6538-BF83-426B-860D-94E836570124}.Debug|x64.Build.0 = Debug|Any CPU
		{5E7D6538-BF83-426B-860D-94E836570124}.Debug|x86.ActiveCfg = Debug|Any CPU
		{5E7D6538-BF83-426B-860D-94E836570124}.Debug|x86.Build.0 = Debug|Any CPU
		{5E7D6538-BF83-426B-860D-94E836570124}.Release|Any CPU.ActiveCfg = Release|Any CPU
		{5E7D6538-BF83-426B-860D-94E836570124}.Release|Any CPU.Build.0 = Release|Any CPU
		{5E7D6538-BF83-426B-860D-94E836570124}.Release|x64.ActiveCfg = Release|Any CPU
		{5E7D6538-BF83-426B-860D-94E836570124}.Release|x64.Build.0 = Release|Any CPU
		{5E7D6538-BF83-426B-860D-94E836570124}.Release|x86.ActiveCfg = Release|Any CPU
		{5E7D6538-BF83-426B-860D-94E836570124}.Release|x86.Build.0 = Release|Any CPU
		{EB656C9D-C8FB-469E-AF56-14AEC90AB434}.Debug|Any CPU.ActiveCfg = Debug|Any CPU
		{EB656C9D-C8FB-469E-AF56-14AEC90AB434}.Debug|Any CPU.Build.0 = Debug|Any CPU
		{EB656C9D-C8FB-469E-AF56-14AEC90AB434}.Debug|x64.ActiveCfg = Debug|Any CPU
		{EB656C9D-C8FB-469E-AF56-14AEC90AB434}.Debug|x64.Build.0 = Debug|Any CPU
		{EB656C9D-C8FB-469E-AF56-14AEC90AB434}.Debug|x86.ActiveCfg = Debug|Any CPU
		{EB656C9D-C8FB-469E-AF56-14AEC90AB434}.Debug|x86.Build.0 = Debug|Any CPU
		{EB656C9D-C8FB-469E-AF56-14AEC90AB434}.Release|Any CPU.ActiveCfg = Release|Any CPU
		{EB656C9D-C8FB-469E-AF56-14AEC90AB434}.Release|Any CPU.Build.0 = Release|Any CPU
		{EB656C9D-C8FB-469E-AF56-14AEC90AB434}.Release|x64.ActiveCfg = Release|Any CPU
		{EB656C9D-C8FB-469E-AF56-14AEC90AB434}.Release|x64.Build.0 = Release|Any CPU
		{EB656C9D-C8FB-469E-AF56-14AEC90AB434}.Release|x86.ActiveCfg = Release|Any CPU
		{EB656C9D-C8FB-469E-AF56-14AEC90AB434}.Release|x86.Build.0 = Release|Any CPU
		{47D5BFD6-FE5F-47B0-8719-C8BFF7A11EDA}.Debug|Any CPU.ActiveCfg = Debug|Any CPU
		{47D5BFD6-FE5F-47B0-8719-C8BFF7A11EDA}.Debug|Any CPU.Build.0 = Debug|Any CPU
		{47D5BFD6-FE5F-47B0-8719-C8BFF7A11EDA}.Debug|x64.ActiveCfg = Debug|Any CPU
		{47D5BFD6-FE5F-47B0-8719-C8BFF7A11EDA}.Debug|x64.Build.0 = Debug|Any CPU
		{47D5BFD6-FE5F-47B0-8719-C8BFF7A11EDA}.Debug|x86.ActiveCfg = Debug|Any CPU
		{47D5BFD6-FE5F-47B0-8719-C8BFF7A11EDA}.Debug|x86.Build.0 = Debug|Any CPU
		{47D5BFD6-FE5F-47B0-8719-C8BFF7A11EDA}.Release|Any CPU.ActiveCfg = Release|Any CPU
		{47D5BFD6-FE5F-47B0-8719-C8BFF7A11EDA}.Release|Any CPU.Build.0 = Release|Any CPU
		{47D5BFD6-FE5F-47B0-8719-C8BFF7A11EDA}.Release|x64.ActiveCfg = Release|Any CPU
		{47D5BFD6-FE5F-47B0-8719-C8BFF7A11EDA}.Release|x64.Build.0 = Release|Any CPU
		{47D5BFD6-FE5F-47B0-8719-C8BFF7A11EDA}.Release|x86.ActiveCfg = Release|Any CPU
		{47D5BFD6-FE5F-47B0-8719-C8BFF7A11EDA}.Release|x86.Build.0 = Release|Any CPU
	EndGlobalSection
	GlobalSection(SolutionProperties) = preSolution
		HideSolutionNode = FALSE
	EndGlobalSection
	GlobalSection(NestedProjects) = preSolution
		{CF44D416-FAC9-4572-BAB6-E335F8BCCF0D} = {827E0CD3-B72D-47B6-A68D-7590B98EB39B}
		{95C96AF2-DB1B-4ADF-9154-04D194AFD2EB} = {827E0CD3-B72D-47B6-A68D-7590B98EB39B}
		{69CEC762-4A3F-4280-BB66-6C9B8992B21A} = {827E0CD3-B72D-47B6-A68D-7590B98EB39B}
		{7E596A5F-6330-4A51-B945-66D107999BF7} = {827E0CD3-B72D-47B6-A68D-7590B98EB39B}
		{D4A0BE3A-5F64-43AF-AA68-66562B84DA7A} = {827E0CD3-B72D-47B6-A68D-7590B98EB39B}
		{81AA8A30-5444-469E-A506-E81A008C5CF6} = {827E0CD3-B72D-47B6-A68D-7590B98EB39B}
		{2B83B297-AE19-4C64-A61A-B709BA1F5993} = {0AB3BF05-4346-4AA6-1389-037BE0695223}
		{0628E6D8-EC8E-4C99-9A05-D109AB110E65} = {0AB3BF05-4346-4AA6-1389-037BE0695223}
		{5E7D6538-BF83-426B-860D-94E836570124} = {0AB3BF05-4346-4AA6-1389-037BE0695223}
		{EB656C9D-C8FB-469E-AF56-14AEC90AB434} = {0AB3BF05-4346-4AA6-1389-037BE0695223}
		{47D5BFD6-FE5F-47B0-8719-C8BFF7A11EDA} = {0AB3BF05-4346-4AA6-1389-037BE0695223}
	EndGlobalSection
EndGlobal
